// !$*UTF8*$!
{
	archiveVersion = 1;
	classes = {
	};
	objectVersion = 55;
	objects = {

/* Begin PBXBuildFile section */
		28251BCF28A266B000F06765 /* AppDelegate.swift in Sources */ = {isa = PBXBuildFile; fileRef = 28251BCE28A266B000F06765 /* AppDelegate.swift */; };
		28251BD128A266B000F06765 /* SceneDelegate.swift in Sources */ = {isa = PBXBuildFile; fileRef = 28251BD028A266B000F06765 /* SceneDelegate.swift */; };
		28251BD328A266B000F06765 /* ViewController.swift in Sources */ = {isa = PBXBuildFile; fileRef = 28251BD228A266B000F06765 /* ViewController.swift */; };
		28251BD628A266B000F06765 /* Main.storyboard in Resources */ = {isa = PBXBuildFile; fileRef = 28251BD428A266B000F06765 /* Main.storyboard */; };
		28251BD828A266B200F06765 /* Assets.xcassets in Resources */ = {isa = PBXBuildFile; fileRef = 28251BD728A266B200F06765 /* Assets.xcassets */; };
		28251BDB28A266B200F06765 /* LaunchScreen.storyboard in Resources */ = {isa = PBXBuildFile; fileRef = 28251BD928A266B200F06765 /* LaunchScreen.storyboard */; };
		28251BE628A266B200F06765 /* MVC_ArchitectureTests.swift in Sources */ = {isa = PBXBuildFile; fileRef = 28251BE528A266B200F06765 /* MVC_ArchitectureTests.swift */; };
		28251BF028A266B200F06765 /* MVC_ArchitectureUITests.swift in Sources */ = {isa = PBXBuildFile; fileRef = 28251BEF28A266B200F06765 /* MVC_ArchitectureUITests.swift */; };
		28251BF228A266B200F06765 /* MVC_ArchitectureUITestsLaunchTests.swift in Sources */ = {isa = PBXBuildFile; fileRef = 28251BF128A266B200F06765 /* MVC_ArchitectureUITestsLaunchTests.swift */; };
/* End PBXBuildFile section */

/* Begin PBXContainerItemProxy section */
		28251BE228A266B200F06765 /* PBXContainerItemProxy */ = {
			isa = PBXContainerItemProxy;
			containerPortal = 28251BC328A266B000F06765 /* Project object */;
			proxyType = 1;
			remoteGlobalIDString = 28251BCA28A266B000F06765;
			remoteInfo = "MVC Architecture";
		};
		28251BEC28A266B200F06765 /* PBXContainerItemProxy */ = {
			isa = PBXContainerItemProxy;
			containerPortal = 28251BC328A266B000F06765 /* Project object */;
			proxyType = 1;
			remoteGlobalIDString = 28251BCA28A266B000F06765;
			remoteInfo = "MVC Architecture";
		};
/* End PBXContainerItemProxy section */

/* Begin PBXFileReference section */
		28251BCB28A266B000F06765 /* MVC Architecture.app */ = {isa = PBXFileReference; explicitFileType = wrapper.application; includeInIndex = 0; path = "MVC Architecture.app"; sourceTree = BUILT_PRODUCTS_DIR; };
		28251BCE28A266B000F06765 /* AppDelegate.swift */ = {isa = PBXFileReference; lastKnownFileType = sourcecode.swift; path = AppDelegate.swift; sourceTree = "<group>"; };
		28251BD028A266B000F06765 /* SceneDelegate.swift */ = {isa = PBXFileReference; lastKnownFileType = sourcecode.swift; path = SceneDelegate.swift; sourceTree = "<group>"; };
		28251BD228A266B000F06765 /* ViewController.swift */ = {isa = PBXFileReference; lastKnownFileType = sourcecode.swift; path = ViewController.swift; sourceTree = "<group>"; };
		28251BD528A266B000F06765 /* Base */ = {isa = PBXFileReference; lastKnownFileType = file.storyboard; name = Base; path = Base.lproj/Main.storyboard; sourceTree = "<group>"; };
		28251BD728A266B200F06765 /* Assets.xcassets */ = {isa = PBXFileReference; lastKnownFileType = folder.assetcatalog; path = Assets.xcassets; sourceTree = "<group>"; };
		28251BDA28A266B200F06765 /* Base */ = {isa = PBXFileReference; lastKnownFileType = file.storyboard; name = Base; path = Base.lproj/LaunchScreen.storyboard; sourceTree = "<group>"; };
		28251BDC28A266B200F06765 /* Info.plist */ = {isa = PBXFileReference; lastKnownFileType = text.plist.xml; path = Info.plist; sourceTree = "<group>"; };
		28251BE128A266B200F06765 /* MVC ArchitectureTests.xctest */ = {isa = PBXFileReference; explicitFileType = wrapper.cfbundle; includeInIndex = 0; path = "MVC ArchitectureTests.xctest"; sourceTree = BUILT_PRODUCTS_DIR; };
		28251BE528A266B200F06765 /* MVC_ArchitectureTests.swift */ = {isa = PBXFileReference; lastKnownFileType = sourcecode.swift; path = MVC_ArchitectureTests.swift; sourceTree = "<group>"; };
		28251BEB28A266B200F06765 /* MVC ArchitectureUITests.xctest */ = {isa = PBXFileReference; explicitFileType = wrapper.cfbundle; includeInIndex = 0; path = "MVC ArchitectureUITests.xctest"; sourceTree = BUILT_PRODUCTS_DIR; };
		28251BEF28A266B200F06765 /* MVC_ArchitectureUITests.swift */ = {isa = PBXFileReference; lastKnownFileType = sourcecode.swift; path = MVC_ArchitectureUITests.swift; sourceTree = "<group>"; };
		28251BF128A266B200F06765 /* MVC_ArchitectureUITestsLaunchTests.swift */ = {isa = PBXFileReference; lastKnownFileType = sourcecode.swift; path = MVC_ArchitectureUITestsLaunchTests.swift; sourceTree = "<group>"; };
/* End PBXFileReference section */

/* Begin PBXFrameworksBuildPhase section */
		28251BC828A266B000F06765 /* Frameworks */ = {
			isa = PBXFrameworksBuildPhase;
			buildActionMask = 2147483647;
			files = (
			);
			runOnlyForDeploymentPostprocessing = 0;
		};
		28251BDE28A266B200F06765 /* Frameworks */ = {
			isa = PBXFrameworksBuildPhase;
			buildActionMask = 2147483647;
			files = (
			);
			runOnlyForDeploymentPostprocessing = 0;
		};
		28251BE828A266B200F06765 /* Frameworks */ = {
			isa = PBXFrameworksBuildPhase;
			buildActionMask = 2147483647;
			files = (
			);
			runOnlyForDeploymentPostprocessing = 0;
		};
/* End PBXFrameworksBuildPhase section */

/* Begin PBXGroup section */
		28251BC228A266B000F06765 = {
			isa = PBXGroup;
			children = (
				28251BCD28A266B000F06765 /* MVC Architecture */,
				28251BE428A266B200F06765 /* MVC ArchitectureTests */,
				28251BEE28A266B200F06765 /* MVC ArchitectureUITests */,
				28251BCC28A266B000F06765 /* Products */,
			);
			sourceTree = "<group>";
		};
		28251BCC28A266B000F06765 /* Products */ = {
			isa = PBXGroup;
			children = (
				28251BCB28A266B000F06765 /* MVC Architecture.app */,
				28251BE128A266B200F06765 /* MVC ArchitectureTests.xctest */,
				28251BEB28A266B200F06765 /* MVC ArchitectureUITests.xctest */,
			);
			name = Products;
			sourceTree = "<group>";
		};
		28251BCD28A266B000F06765 /* MVC Architecture */ = {
			isa = PBXGroup;
			children = (
				28251BCE28A266B000F06765 /* AppDelegate.swift */,
				28251BD028A266B000F06765 /* SceneDelegate.swift */,
				28251BD228A266B000F06765 /* ViewController.swift */,
				28251BD428A266B000F06765 /* Main.storyboard */,
				28251BD728A266B200F06765 /* Assets.xcassets */,
				28251BD928A266B200F06765 /* LaunchScreen.storyboard */,
				28251BDC28A266B200F06765 /* Info.plist */,
			);
			path = "MVC Architecture";
			sourceTree = "<group>";
		};
		28251BE428A266B200F06765 /* MVC ArchitectureTests */ = {
			isa = PBXGroup;
			children = (
				28251BE528A266B200F06765 /* MVC_ArchitectureTests.swift */,
			);
			path = "MVC ArchitectureTests";
			sourceTree = "<group>";
		};
		28251BEE28A266B200F06765 /* MVC ArchitectureUITests */ = {
			isa = PBXGroup;
			children = (
				28251BEF28A266B200F06765 /* MVC_ArchitectureUITests.swift */,
				28251BF128A266B200F06765 /* MVC_ArchitectureUITestsLaunchTests.swift */,
			);
			path = "MVC ArchitectureUITests";
			sourceTree = "<group>";
		};
/* End PBXGroup section */

/* Begin PBXNativeTarget section */
		28251BCA28A266B000F06765 /* MVC Architecture */ = {
			isa = PBXNativeTarget;
			buildConfigurationList = 28251BF528A266B200F06765 /* Build configuration list for PBXNativeTarget "MVC Architecture" */;
			buildPhases = (
				28251BC728A266B000F06765 /* Sources */,
				28251BC828A266B000F06765 /* Frameworks */,
				28251BC928A266B000F06765 /* Resources */,
			);
			buildRules = (
			);
			dependencies = (
			);
			name = "MVC Architecture";
			productName = "MVC Architecture";
			productReference = 28251BCB28A266B000F06765 /* MVC Architecture.app */;
			productType = "com.apple.product-type.application";
		};
		28251BE028A266B200F06765 /* MVC ArchitectureTests */ = {
			isa = PBXNativeTarget;
			buildConfigurationList = 28251BF828A266B200F06765 /* Build configuration list for PBXNativeTarget "MVC ArchitectureTests" */;
			buildPhases = (
				28251BDD28A266B200F06765 /* Sources */,
				28251BDE28A266B200F06765 /* Frameworks */,
				28251BDF28A266B200F06765 /* Resources */,
			);
			buildRules = (
			);
			dependencies = (
				28251BE328A266B200F06765 /* PBXTargetDependency */,
			);
			name = "MVC ArchitectureTests";
			productName = "MVC ArchitectureTests";
			productReference = 28251BE128A266B200F06765 /* MVC ArchitectureTests.xctest */;
			productType = "com.apple.product-type.bundle.unit-test";
		};
		28251BEA28A266B200F06765 /* MVC ArchitectureUITests */ = {
			isa = PBXNativeTarget;
			buildConfigurationList = 28251BFB28A266B200F06765 /* Build configuration list for PBXNativeTarget "MVC ArchitectureUITests" */;
			buildPhases = (
				28251BE728A266B200F06765 /* Sources */,
				28251BE828A266B200F06765 /* Frameworks */,
				28251BE928A266B200F06765 /* Resources */,
			);
			buildRules = (
			);
			dependencies = (
				28251BED28A266B200F06765 /* PBXTargetDependency */,
			);
			name = "MVC ArchitectureUITests";
			productName = "MVC ArchitectureUITests";
			productReference = 28251BEB28A266B200F06765 /* MVC ArchitectureUITests.xctest */;
			productType = "com.apple.product-type.bundle.ui-testing";
		};
/* End PBXNativeTarget section */

/* Begin PBXProject section */
		28251BC328A266B000F06765 /* Project object */ = {
			isa = PBXProject;
			attributes = {
				BuildIndependentTargetsInParallel = 1;
				LastSwiftUpdateCheck = 1340;
				LastUpgradeCheck = 1340;
				TargetAttributes = {
					28251BCA28A266B000F06765 = {
						CreatedOnToolsVersion = 13.4;
					};
					28251BE028A266B200F06765 = {
						CreatedOnToolsVersion = 13.4;
						TestTargetID = 28251BCA28A266B000F06765;
					};
					28251BEA28A266B200F06765 = {
						CreatedOnToolsVersion = 13.4;
						TestTargetID = 28251BCA28A266B000F06765;
					};
				};
			};
			buildConfigurationList = 28251BC628A266B000F06765 /* Build configuration list for PBXProject "MVC Architecture" */;
			compatibilityVersion = "Xcode 13.0";
			developmentRegion = en;
			hasScannedForEncodings = 0;
			knownRegions = (
				en,
				Base,
			);
			mainGroup = 28251BC228A266B000F06765;
			productRefGroup = 28251BCC28A266B000F06765 /* Products */;
			projectDirPath = "";
			projectRoot = "";
			targets = (
				28251BCA28A266B000F06765 /* MVC Architecture */,
				28251BE028A266B200F06765 /* MVC ArchitectureTests */,
				28251BEA28A266B200F06765 /* MVC ArchitectureUITests */,
			);
		};
/* End PBXProject section */

/* Begin PBXResourcesBuildPhase section */
		28251BC928A266B000F06765 /* Resources */ = {
			isa = PBXResourcesBuildPhase;
			buildActionMask = 2147483647;
			files = (
				28251BDB28A266B200F06765 /* LaunchScreen.storyboard in Resources */,
				28251BD828A266B200F06765 /* Assets.xcassets in Resources */,
				28251BD628A266B000F06765 /* Main.storyboard in Resources */,
			);
			runOnlyForDeploymentPostprocessing = 0;
		};
		28251BDF28A266B200F06765 /* Resources */ = {
			isa = PBXResourcesBuildPhase;
			buildActionMask = 2147483647;
			files = (
			);
			runOnlyForDeploymentPostprocessing = 0;
		};
		28251BE928A266B200F06765 /* Resources */ = {
			isa = PBXResourcesBuildPhase;
			buildActionMask = 2147483647;
			files = (
			);
			runOnlyForDeploymentPostprocessing = 0;
		};
/* End PBXResourcesBuildPhase section */

/* Begin PBXSourcesBuildPhase section */
		28251BC728A266B000F06765 /* Sources */ = {
			isa = PBXSourcesBuildPhase;
			buildActionMask = 2147483647;
			files = (
				28251BD328A266B000F06765 /* ViewController.swift in Sources */,
				28251BCF28A266B000F06765 /* AppDelegate.swift in Sources */,
				28251BD128A266B000F06765 /* SceneDelegate.swift in Sources */,
			);
			runOnlyForDeploymentPostprocessing = 0;
		};
		28251BDD28A266B200F06765 /* Sources */ = {
			isa = PBXSourcesBuildPhase;
			buildActionMask = 2147483647;
			files = (
				28251BE628A266B200F06765 /* MVC_ArchitectureTests.swift in Sources */,
			);
			runOnlyForDeploymentPostprocessing = 0;
		};
		28251BE728A266B200F06765 /* Sources */ = {
			isa = PBXSourcesBuildPhase;
			buildActionMask = 2147483647;
			files = (
				28251BF228A266B200F06765 /* MVC_ArchitectureUITestsLaunchTests.swift in Sources */,
				28251BF028A266B200F06765 /* MVC_ArchitectureUITests.swift in Sources */,
			);
			runOnlyForDeploymentPostprocessing = 0;
		};
/* End PBXSourcesBuildPhase section */

/* Begin PBXTargetDependency section */
		28251BE328A266B200F06765 /* PBXTargetDependency */ = {
			isa = PBXTargetDependency;
			target = 28251BCA28A266B000F06765 /* MVC Architecture */;
			targetProxy = 28251BE228A266B200F06765 /* PBXContainerItemProxy */;
		};
		28251BED28A266B200F06765 /* PBXTargetDependency */ = {
			isa = PBXTargetDependency;
			target = 28251BCA28A266B000F06765 /* MVC Architecture */;
			targetProxy = 28251BEC28A266B200F06765 /* PBXContainerItemProxy */;
		};
/* End PBXTargetDependency section */

/* Begin PBXVariantGroup section */
		28251BD428A266B000F06765 /* Main.storyboard */ = {
			isa = PBXVariantGroup;
			children = (
				28251BD528A266B000F06765 /* Base */,
			);
			name = Main.storyboard;
			sourceTree = "<group>";
		};
		28251BD928A266B200F06765 /* LaunchScreen.storyboard */ = {
			isa = PBXVariantGroup;
			children = (
				28251BDA28A266B200F06765 /* Base */,
			);
			name = LaunchScreen.storyboard;
			sourceTree = "<group>";
		};
/* End PBXVariantGroup section */

/* Begin XCBuildConfiguration section */
		28251BF328A266B200F06765 /* Debug */ = {
			isa = XCBuildConfiguration;
			buildSettings = {
				ALWAYS_SEARCH_USER_PATHS = NO;
				CLANG_ANALYZER_NONNULL = YES;
				CLANG_ANALYZER_NUMBER_OBJECT_CONVERSION = YES_AGGRESSIVE;
				CLANG_CXX_LANGUAGE_STANDARD = "gnu++17";
				CLANG_ENABLE_MODULES = YES;
				CLANG_ENABLE_OBJC_ARC = YES;
				CLANG_ENABLE_OBJC_WEAK = YES;
				CLANG_WARN_BLOCK_CAPTURE_AUTORELEASING = YES;
				CLANG_WARN_BOOL_CONVERSION = YES;
				CLANG_WARN_COMMA = YES;
				CLANG_WARN_CONSTANT_CONVERSION = YES;
				CLANG_WARN_DEPRECATED_OBJC_IMPLEMENTATIONS = YES;
				CLANG_WARN_DIRECT_OBJC_ISA_USAGE = YES_ERROR;
				CLANG_WARN_DOCUMENTATION_COMMENTS = YES;
				CLANG_WARN_EMPTY_BODY = YES;
				CLANG_WARN_ENUM_CONVERSION = YES;
				CLANG_WARN_INFINITE_RECURSION = YES;
				CLANG_WARN_INT_CONVERSION = YES;
				CLANG_WARN_NON_LITERAL_NULL_CONVERSION = YES;
				CLANG_WARN_OBJC_IMPLICIT_RETAIN_SELF = YES;
				CLANG_WARN_OBJC_LITERAL_CONVERSION = YES;
				CLANG_WARN_OBJC_ROOT_CLASS = YES_ERROR;
				CLANG_WARN_QUOTED_INCLUDE_IN_FRAMEWORK_HEADER = YES;
				CLANG_WARN_RANGE_LOOP_ANALYSIS = YES;
				CLANG_WARN_STRICT_PROTOTYPES = YES;
				CLANG_WARN_SUSPICIOUS_MOVE = YES;
				CLANG_WARN_UNGUARDED_AVAILABILITY = YES_AGGRESSIVE;
				CLANG_WARN_UNREACHABLE_CODE = YES;
				CLANG_WARN__DUPLICATE_METHOD_MATCH = YES;
				COPY_PHASE_STRIP = NO;
				DEBUG_INFORMATION_FORMAT = dwarf;
				ENABLE_STRICT_OBJC_MSGSEND = YES;
				ENABLE_TESTABILITY = YES;
				GCC_C_LANGUAGE_STANDARD = gnu11;
				GCC_DYNAMIC_NO_PIC = NO;
				GCC_NO_COMMON_BLOCKS = YES;
				GCC_OPTIMIZATION_LEVEL = 0;
				GCC_PREPROCESSOR_DEFINITIONS = (
					"DEBUG=1",
					"$(inherited)",
				);
				GCC_WARN_64_TO_32_BIT_CONVERSION = YES;
				GCC_WARN_ABOUT_RETURN_TYPE = YES_ERROR;
				GCC_WARN_UNDECLARED_SELECTOR = YES;
				GCC_WARN_UNINITIALIZED_AUTOS = YES_AGGRESSIVE;
				GCC_WARN_UNUSED_FUNCTION = YES;
				GCC_WARN_UNUSED_VARIABLE = YES;
				IPHONEOS_DEPLOYMENT_TARGET = 15.5;
				MTL_ENABLE_DEBUG_INFO = INCLUDE_SOURCE;
				MTL_FAST_MATH = YES;
				ONLY_ACTIVE_ARCH = YES;
				SDKROOT = iphoneos;
				SWIFT_ACTIVE_COMPILATION_CONDITIONS = DEBUG;
				SWIFT_OPTIMIZATION_LEVEL = "-Onone";
			};
			name = Debug;
		};
		28251BF428A266B200F06765 /* Release */ = {
			isa = XCBuildConfiguration;
			buildSettings = {
				ALWAYS_SEARCH_USER_PATHS = NO;
				CLANG_ANALYZER_NONNULL = YES;
				CLANG_ANALYZER_NUMBER_OBJECT_CONVERSION = YES_AGGRESSIVE;
				CLANG_CXX_LANGUAGE_STANDARD = "gnu++17";
				CLANG_ENABLE_MODULES = YES;
				CLANG_ENABLE_OBJC_ARC = YES;
				CLANG_ENABLE_OBJC_WEAK = YES;
				CLANG_WARN_BLOCK_CAPTURE_AUTORELEASING = YES;
				CLANG_WARN_BOOL_CONVERSION = YES;
				CLANG_WARN_COMMA = YES;
				CLANG_WARN_CONSTANT_CONVERSION = YES;
				CLANG_WARN_DEPRECATED_OBJC_IMPLEMENTATIONS = YES;
				CLANG_WARN_DIRECT_OBJC_ISA_USAGE = YES_ERROR;
				CLANG_WARN_DOCUMENTATION_COMMENTS = YES;
				CLANG_WARN_EMPTY_BODY = YES;
				CLANG_WARN_ENUM_CONVERSION = YES;
				CLANG_WARN_INFINITE_RECURSION = YES;
				CLANG_WARN_INT_CONVERSION = YES;
				CLANG_WARN_NON_LITERAL_NULL_CONVERSION = YES;
				CLANG_WARN_OBJC_IMPLICIT_RETAIN_SELF = YES;
				CLANG_WARN_OBJC_LITERAL_CONVERSION = YES;
				CLANG_WARN_OBJC_ROOT_CLASS = YES_ERROR;
				CLANG_WARN_QUOTED_INCLUDE_IN_FRAMEWORK_HEADER = YES;
				CLANG_WARN_RANGE_LOOP_ANALYSIS = YES;
				CLANG_WARN_STRICT_PROTOTYPES = YES;
				CLANG_WARN_SUSPICIOUS_MOVE = YES;
				CLANG_WARN_UNGUARDED_AVAILABILITY = YES_AGGRESSIVE;
				CLANG_WARN_UNREACHABLE_CODE = YES;
				CLANG_WARN__DUPLICATE_METHOD_MATCH = YES;
				COPY_PHASE_STRIP = NO;
				DEBUG_INFORMATION_FORMAT = "dwarf-with-dsym";
				ENABLE_NS_ASSERTIONS = NO;
				ENABLE_STRICT_OBJC_MSGSEND = YES;
				GCC_C_LANGUAGE_STANDARD = gnu11;
				GCC_NO_COMMON_BLOCKS = YES;
				GCC_WARN_64_TO_32_BIT_CONVERSION = YES;
				GCC_WARN_ABOUT_RETURN_TYPE = YES_ERROR;
				GCC_WARN_UNDECLARED_SELECTOR = YES;
				GCC_WARN_UNINITIALIZED_AUTOS = YES_AGGRESSIVE;
				GCC_WARN_UNUSED_FUNCTION = YES;
				GCC_WARN_UNUSED_VARIABLE = YES;
				IPHONEOS_DEPLOYMENT_TARGET = 15.5;
				MTL_ENABLE_DEBUG_INFO = NO;
				MTL_FAST_MATH = YES;
				SDKROOT = iphoneos;
				SWIFT_COMPILATION_MODE = wholemodule;
				SWIFT_OPTIMIZATION_LEVEL = "-O";
				VALIDATE_PRODUCT = YES;
			};
			name = Release;
		};
		28251BF628A266B200F06765 /* Debug */ = {
			isa = XCBuildConfiguration;
			buildSettings = {
				ASSETCATALOG_COMPILER_APPICON_NAME = AppIcon;
				ASSETCATALOG_COMPILER_GLOBAL_ACCENT_COLOR_NAME = AccentColor;
				CODE_SIGN_STYLE = Automatic;
				CURRENT_PROJECT_VERSION = 1;
				DEVELOPMENT_TEAM = TDY42M8RXS;
				GENERATE_INFOPLIST_FILE = YES;
				INFOPLIST_FILE = "MVC Architecture/Info.plist";
				INFOPLIST_KEY_UIApplicationSupportsIndirectInputEvents = YES;
				INFOPLIST_KEY_UILaunchStoryboardName = LaunchScreen;
				INFOPLIST_KEY_UIMainStoryboardFile = Main;
				INFOPLIST_KEY_UISupportedInterfaceOrientations_iPad = "UIInterfaceOrientationPortrait UIInterfaceOrientationPortraitUpsideDown UIInterfaceOrientationLandscapeLeft UIInterfaceOrientationLandscapeRight";
				INFOPLIST_KEY_UISupportedInterfaceOrientations_iPhone = "UIInterfaceOrientationPortrait UIInterfaceOrientationLandscapeLeft UIInterfaceOrientationLandscapeRight";
				LD_RUNPATH_SEARCH_PATHS = (
					"$(inherited)",
					"@executable_path/Frameworks",
				);
				MARKETING_VERSION = 1.0;
				PRODUCT_BUNDLE_IDENTIFIER = "Jan-Gear.MVC-Architecture";
				PRODUCT_NAME = "$(TARGET_NAME)";
				SWIFT_EMIT_LOC_STRINGS = YES;
				SWIFT_VERSION = 5.0;
				TARGETED_DEVICE_FAMILY = "1,2";
			};
			name = Debug;
		};
		28251BF728A266B200F06765 /* Release */ = {
			isa = XCBuildConfiguration;
			buildSettings = {
				ASSETCATALOG_COMPILER_APPICON_NAME = AppIcon;
				ASSETCATALOG_COMPILER_GLOBAL_ACCENT_COLOR_NAME = AccentColor;
				CODE_SIGN_STYLE = Automatic;
				CURRENT_PROJECT_VERSION = 1;
				DEVELOPMENT_TEAM = TDY42M8RXS;
				GENERATE_INFOPLIST_FILE = YES;
				INFOPLIST_FILE = "MVC Architecture/Info.plist";
				INFOPLIST_KEY_UIApplicationSupportsIndirectInputEvents = YES;
				INFOPLIST_KEY_UILaunchStoryboardName = LaunchScreen;
				INFOPLIST_KEY_UIMainStoryboardFile = Main;
				INFOPLIST_KEY_UISupportedInterfaceOrientations_iPad = "UIInterfaceOrientationPortrait UIInterfaceOrientationPortraitUpsideDown UIInterfaceOrientationLandscapeLeft UIInterfaceOrientationLandscapeRight";
				INFOPLIST_KEY_UISupportedInterfaceOrientations_iPhone = "UIInterfaceOrientationPortrait UIInterfaceOrientationLandscapeLeft UIInterfaceOrientationLandscapeRight";
				LD_RUNPATH_SEARCH_PATHS = (
					"$(inherited)",
					"@executable_path/Frameworks",
				);
				MARKETING_VERSION = 1.0;
				PRODUCT_BUNDLE_IDENTIFIER = "Jan-Gear.MVC-Architecture";
				PRODUCT_NAME = "$(TARGET_NAME)";
				SWIFT_EMIT_LOC_STRINGS = YES;
				SWIFT_VERSION = 5.0;
				TARGETED_DEVICE_FAMILY = "1,2";
			};
			name = Release;
		};
		28251BF928A266B200F06765 /* Debug */ = {
			isa = XCBuildConfiguration;
			buildSettings = {
				ALWAYS_EMBED_SWIFT_STANDARD_LIBRARIES = YES;
				BUNDLE_LOADER = "$(TEST_HOST)";
				CODE_SIGN_STYLE = Automatic;
				CURRENT_PROJECT_VERSION = 1;
				DEVELOPMENT_TEAM = TDY42M8RXS;
				GENERATE_INFOPLIST_FILE = YES;
				IPHONEOS_DEPLOYMENT_TARGET = 15.5;
				MARKETING_VERSION = 1.0;
				PRODUCT_BUNDLE_IDENTIFIER = "Jan-Gear.MVC-ArchitectureTests";
				PRODUCT_NAME = "$(TARGET_NAME)";
				SWIFT_EMIT_LOC_STRINGS = NO;
				SWIFT_VERSION = 5.0;
				TARGETED_DEVICE_FAMILY = "1,2";
				TEST_HOST = "$(BUILT_PRODUCTS_DIR)/MVC Architecture.app/MVC Architecture";
			};
			name = Debug;
		};
		28251BFA28A266B200F06765 /* Release */ = {
			isa = XCBuildConfiguration;
			buildSettings = {
				ALWAYS_EMBED_SWIFT_STANDARD_LIBRARIES = YES;
				BUNDLE_LOADER = "$(TEST_HOST)";
				CODE_SIGN_STYLE = Automatic;
				CURRENT_PROJECT_VERSION = 1;
				DEVELOPMENT_TEAM = TDY42M8RXS;
				GENERATE_INFOPLIST_FILE = YES;
				IPHONEOS_DEPLOYMENT_TARGET = 15.5;
				MARKETING_VERSION = 1.0;
				PRODUCT_BUNDLE_IDENTIFIER = "Jan-Gear.MVC-ArchitectureTests";
				PRODUCT_NAME = "$(TARGET_NAME)";
				SWIFT_EMIT_LOC_STRINGS = NO;
				SWIFT_VERSION = 5.0;
				TARGETED_DEVICE_FAMILY = "1,2";
				TEST_HOST = "$(BUILT_PRODUCTS_DIR)/MVC Architecture.app/MVC Architecture";
			};
			name = Release;
		};
		28251BFC28A266B200F06765 /* Debug */ = {
			isa = XCBuildConfiguration;
			buildSettings = {
				ALWAYS_EMBED_SWIFT_STANDARD_LIBRARIES = YES;
				CODE_SIGN_STYLE = Automatic;
				CURRENT_PROJECT_VERSION = 1;
				DEVELOPMENT_TEAM = TDY42M8RXS;
				GENERATE_INFOPLIST_FILE = YES;
				MARKETING_VERSION = 1.0;
				PRODUCT_BUNDLE_IDENTIFIER = "Jan-Gear.MVC-ArchitectureUITests";
				PRODUCT_NAME = "$(TARGET_NAME)";
				SWIFT_EMIT_LOC_STRINGS = NO;
				SWIFT_VERSION = 5.0;
				TARGETED_DEVICE_FAMILY = "1,2";
				TEST_TARGET_NAME = "MVC Architecture";
			};
			name = Debug;
		};
		28251BFD28A266B200F06765 /* Release */ = {
			isa = XCBuildConfiguration;
			buildSettings = {
				ALWAYS_EMBED_SWIFT_STANDARD_LIBRARIES = YES;
				CODE_SIGN_STYLE = Automatic;
				CURRENT_PROJECT_VERSION = 1;
				DEVELOPMENT_TEAM = TDY42M8RXS;
				GENERATE_INFOPLIST_FILE = YES;
				MARKETING_VERSION = 1.0;
				PRODUCT_BUNDLE_IDENTIFIER = "Jan-Gear.MVC-ArchitectureUITests";
				PRODUCT_NAME = "$(TARGET_NAME)";
				SWIFT_EMIT_LOC_STRINGS = NO;
				SWIFT_VERSION = 5.0;
				TARGETED_DEVICE_FAMILY = "1,2";
				TEST_TARGET_NAME = "MVC Architecture";
			};
			name = Release;
		};
/* End XCBuildConfiguration section */

/* Begin XCConfigurationList section */
		28251BC628A266B000F06765 /* Build configuration list for PBXProject "MVC Architecture" */ = {
			isa = XCConfigurationList;
			buildConfigurations = (
				28251BF328A266B200F06765 /* Debug */,
				28251BF428A266B200F06765 /* Release */,
			);
			defaultConfigurationIsVisible = 0;
			defaultConfigurationName = Release;
		};
		28251BF528A266B200F06765 /* Build configuration list for PBXNativeTarget "MVC Architecture" */ = {
			isa = XCConfigurationList;
			buildConfigurations = (
				28251BF628A266B200F06765 /* Debug */,
				28251BF728A266B200F06765 /* Release */,
			);
			defaultConfigurationIsVisible = 0;
			defaultConfigurationName = Release;
		};
		28251BF828A266B200F06765 /* Build configuration list for PBXNativeTarget "MVC ArchitectureTests" */ = {
			isa = XCConfigurationList;
			buildConfigurations = (
				28251BF928A266B200F06765 /* Debug */,
				28251BFA28A266B200F06765 /* Release */,
			);
			defaultConfigurationIsVisible = 0;
			defaultConfigurationName = Release;
		};
		28251BFB28A266B200F06765 /* Build configuration list for PBXNativeTarget "MVC ArchitectureUITests" */ = {
			isa = XCConfigurationList;
			buildConfigurations = (
				28251BFC28A266B200F06765 /* Debug */,
				28251BFD28A266B200F06765 /* Release */,
			);
			defaultConfigurationIsVisible = 0;
			defaultConfigurationName = Release;
		};
/* End XCConfigurationList section */
	};
	rootObject = 28251BC328A266B000F06765 /* Project object */;
}
